<?xml version="1.0" encoding="utf-8"?>
<Project ToolsVersion="4.0" xmlns="http://schemas.microsoft.com/developer/msbuild/2003">
  <ItemGroup>
    <Filter Include="소스 파일">
      <UniqueIdentifier>{4FC737F1-C7A5-4376-A066-2A32D752A2FF}</UniqueIdentifier>
      <Extensions>cpp;c;cc;cxx;def;odl;idl;hpj;bat;asm;asmx</Extensions>
    </Filter>
    <Filter Include="헤더 파일">
      <UniqueIdentifier>{93995380-89BD-4b04-88EB-625FBE52EBFB}</UniqueIdentifier>
      <Extensions>h;hh;hpp;hxx;hm;inl;inc;ipp;xsd</Extensions>
    </Filter>
    <Filter Include="리소스 파일">
      <UniqueIdentifier>{67DA6AB6-F800-4c08-8B7A-83BB121AAD01}</UniqueIdentifier>
      <Extensions>rc;ico;cur;bmp;dlg;rc2;rct;bin;rgs;gif;jpg;jpeg;jpe;resx;tiff;tif;png;wav;mfcribbon-ms</Extensions>
    </Filter>
    <Filter Include="소스 파일\삼성SW역량개발">
      <UniqueIdentifier>{3b1a8eef-b124-4283-9dea-6cd3bec17e63}</UniqueIdentifier>
    </Filter>
    <Filter Include="소스 파일\Programers.co.kr">
      <UniqueIdentifier>{f736ae08-8e9f-4620-8458-2560f0a7e64e}</UniqueIdentifier>
    </Filter>
    <Filter Include="소스 파일\Programers.co.kr\DFS/BFS">
      <UniqueIdentifier>{ada67407-2013-46a1-b5d7-8cc614e4573a}</UniqueIdentifier>
    </Filter>
    <Filter Include="소스 파일\Programers.co.kr\Stack/Queue">
      <UniqueIdentifier>{c753d98c-084a-45db-a03e-3ee263984c15}</UniqueIdentifier>
    </Filter>
    <Filter Include="소스 파일\Programers.co.kr\Hash">
      <UniqueIdentifier>{57b7678e-374e-46cb-8562-0684fa3f1835}</UniqueIdentifier>
    </Filter>
    <Filter Include="소스 파일\Programers.co.kr\Heap">
      <UniqueIdentifier>{52695f59-a1bb-442a-86ed-51fc57e638e1}</UniqueIdentifier>
    </Filter>
  </ItemGroup>
  <ItemGroup>
    <ClCompile Include="19236_청소년 상어.c">
      <Filter>소스 파일\삼성SW역량개발</Filter>
    </ClCompile>
    <ClCompile Include="test.cpp">
      <Filter>소스 파일</Filter>
    </ClCompile>
    <ClCompile Include="targetNumber.cpp">
      <Filter>소스 파일\Programers.co.kr\DFS/BFS</Filter>
    </ClCompile>
    <ClCompile Include="truck_across_bridge.cpp">
      <Filter>소스 파일\Programers.co.kr\Stack/Queue</Filter>
    </ClCompile>
    <ClCompile Include="unfinishAthlete.cpp">
      <Filter>소스 파일\Programers.co.kr\Hash</Filter>
    </ClCompile>
    <ClCompile Include="scoville.cpp">
      <Filter>소스 파일\Programers.co.kr\Heap</Filter>
    </ClCompile>
    <ClCompile Include="level1-1.c">
      <Filter>소스 파일\Programers.co.kr</Filter>
    </ClCompile>
  </ItemGroup>
</Project>